
Microsoft Visual Studio Solution File, Format Version 12.00
# Visual Studio Version 17
VisualStudioVersion = 17.5.33530.505
MinimumVisualStudioVersion = 10.0.40219.1
Project("{FAE04EC0-301F-11D3-BF4B-00C04F79EFBC}") = "ShapeArea", "ShapeArea\ShapeArea.csproj", "{48631836-17A5-463B-A9EC-E9134E9C7822}"
EndProject
Global
	GlobalSection(SolutionConfigurationPlatforms) = preSolution
		Debug|Any CPU = Debug|Any CPU
		Release|Any CPU = Release|Any CPU
	EndGlobalSection
	GlobalSection(ProjectConfigurationPlatforms) = postSolution
		{48631836-17A5-463B-A9EC-E9134E9C7822}.Debug|Any CPU.ActiveCfg = Debug|Any CPU
		{48631836-17A5-463B-A9EC-E9134E9C7822}.Debug|Any CPU.Build.0 = Debug|Any CPU
		{48631836-17A5-463B-A9EC-E9134E9C7822}.Release|Any CPU.ActiveCfg = Release|Any CPU
		{48631836-17A5-463B-A9EC-E9134E9C7822}.Release|Any CPU.Build.0 = Release|Any CPU
	EndGlobalSection
	GlobalSection(SolutionProperties) = preSolution
		HideSolutionNode = FALSE
	EndGlobalSection
	GlobalSection(ExtensibilityGlobals) = postSolution
		SolutionGuid = {056E3BB8-F5EF-42AB-9BE6-AD7B4B8D7E95}
	EndGlobalSection
EndGlobal
